
Microsoft Visual Studio Solution File, Format Version 12.00
# Visual Studio Version 16
VisualStudioVersion = 16.0.31613.86
MinimumVisualStudioVersion = 10.0.40219.1
Project("{FAE04EC0-301F-11D3-BF4B-00C04F79EFBC}") = "WebApplicationMVC", "WebApplicationMVC\WebApplicationMVC.csproj", "{38BDA4E1-C006-4F66-BC49-FE2ED561380A}"
EndProject
Global
	GlobalSection(SolutionConfigurationPlatforms) = preSolution
		Debug|Any CPU = Debug|Any CPU
		Release|Any CPU = Release|Any CPU
	EndGlobalSection
	GlobalSection(ProjectConfigurationPlatforms) = postSolution
		{38BDA4E1-C006-4F66-BC49-FE2ED561380A}.Debug|Any CPU.ActiveCfg = Debug|Any CPU
		{38BDA4E1-C006-4F66-BC49-FE2ED561380A}.Debug|Any CPU.Build.0 = Debug|Any CPU
		{38BDA4E1-C006-4F66-BC49-FE2ED561380A}.Release|Any CPU.ActiveCfg = Release|Any CPU
		{38BDA4E1-C006-4F66-BC49-FE2ED561380A}.Release|Any CPU.Build.0 = Release|Any CPU
	EndGlobalSection
	GlobalSection(SolutionProperties) = preSolution
		HideSolutionNode = FALSE
	EndGlobalSection
	GlobalSection(ExtensibilityGlobals) = postSolution
		SolutionGuid = {AE62C01F-BFD9-4E8D-89F3-91C05EEBF1F8}
	EndGlobalSection
EndGlobal
